
Microsoft Visual Studio Solution File, Format Version 12.00
# Visual Studio Version 17
VisualStudioVersion = 17.5.33424.131
MinimumVisualStudioVersion = 10.0.40219.1
Project("{8BC9CEB8-8B4A-11D0-8D11-00A0C91BC942}") = "ParadigmaOOP2", "ParadigmaOOP2\ParadigmaOOP2.vcxproj", "{A79BD522-15EE-4D64-9FA6-F843CACA8805}"
EndProject
Project("{8BC9CEB8-8B4A-11D0-8D11-00A0C91BC942}") = "SolveMultiWaris", "SolveMultiWaris\SolveMultiWaris.vcxproj", "{6B0B61B3-A0B3-4EEB-988B-9ED5B4E3F1A5}"
EndProject
Project("{8BC9CEB8-8B4A-11D0-8D11-00A0C91BC942}") = "Polimorpi", "Polimorpi\Polimorpi.vcxproj", "{3BE97B97-DAEC-49CA-A17C-3A4E429F678C}"
EndProject
Project("{8BC9CEB8-8B4A-11D0-8D11-00A0C91BC942}") = "NoPewarisan", "NoPewarisan\NoPewarisan.vcxproj", "{3870CACC-79DC-4BEA-8255-D57D57D799F8}"
EndProject
Project("{8BC9CEB8-8B4A-11D0-8D11-00A0C91BC942}") = "AbstraksiClass", "AbstraksiClass\AbstraksiClass.vcxproj", "{6737CCBE-D7DD-49D7-94EC-C38D772966F7}"
EndProject
Project("{8BC9CEB8-8B4A-11D0-8D11-00A0C91BC942}") = "Enkapsulasi", "Enkapsulasi\Enkapsulasi.vcxproj", "{E6F19449-E573-4E13-83CB-0BAE3838443C}"
EndProject
Project("{8BC9CEB8-8B4A-11D0-8D11-00A0C91BC942}") = "NoOverriding", "NoOverriding\NoOverriding.vcxproj", "{C9238566-9812-407C-9517-922135EAB8A0}"
EndProject
Project("{8BC9CEB8-8B4A-11D0-8D11-00A0C91BC942}") = "Multiwaris", "Multiwaris\Multiwaris.vcxproj", "{DFE84A65-718D-4FB0-9C39-2956991700F9}"
EndProject
Global
	GlobalSection(SolutionConfigurationPlatforms) = preSolution
		Debug|x64 = Debug|x64
		Debug|x86 = Debug|x86
		Release|x64 = Release|x64
		Release|x86 = Release|x86
	EndGlobalSection
	GlobalSection(ProjectConfigurationPlatforms) = postSolution
		{A79BD522-15EE-4D64-9FA6-F843CACA8805}.Debug|x64.ActiveCfg = Debug|x64
		{A79BD522-15EE-4D64-9FA6-F843CACA8805}.Debug|x64.Build.0 = Debug|x64
		{A79BD522-15EE-4D64-9FA6-F843CACA8805}.Debug|x86.ActiveCfg = Debug|Win32
		{A79BD522-15EE-4D64-9FA6-F843CACA8805}.Debug|x86.Build.0 = Debug|Win32
		{A79BD522-15EE-4D64-9FA6-F843CACA8805}.Release|x64.ActiveCfg = Release|x64
		{A79BD522-15EE-4D64-9FA6-F843CACA8805}.Release|x64.Build.0 = Release|x64
		{A79BD522-15EE-4D64-9FA6-F843CACA8805}.Release|x86.ActiveCfg = Release|Win32
		{A79BD522-15EE-4D64-9FA6-F843CACA8805}.Release|x86.Build.0 = Release|Win32
		{6B0B61B3-A0B3-4EEB-988B-9ED5B4E3F1A5}.Debug|x64.ActiveCfg = Debug|x64
		{6B0B61B3-A0B3-4EEB-988B-9ED5B4E3F1A5}.Debug|x64.Build.0 = Debug|x64
		{6B0B61B3-A0B3-4EEB-988B-9ED5B4E3F1A5}.Debug|x86.ActiveCfg = Debug|Win32
		{6B0B61B3-A0B3-4EEB-988B-9ED5B4E3F1A5}.Debug|x86.Build.0 = Debug|Win32
		{6B0B61B3-A0B3-4EEB-988B-9ED5B4E3F1A5}.Release|x64.ActiveCfg = Release|x64
		{6B0B61B3-A0B3-4EEB-988B-9ED5B4E3F1A5}.Release|x64.Build.0 = Release|x64
		{6B0B61B3-A0B3-4EEB-988B-9ED5B4E3F1A5}.Release|x86.ActiveCfg = Release|Win32
		{6B0B61B3-A0B3-4EEB-988B-9ED5B4E3F1A5}.Release|x86.Build.0 = Release|Win32
		{3BE97B97-DAEC-49CA-A17C-3A4E429F678C}.Debug|x64.ActiveCfg = Debug|x64
		{3BE97B97-DAEC-49CA-A17C-3A4E429F678C}.Debug|x64.Build.0 = Debug|x64
		{3BE97B97-DAEC-49CA-A17C-3A4E429F678C}.Debug|x86.ActiveCfg = Debug|Win32
		{3BE97B97-DAEC-49CA-A17C-3A4E429F678C}.Debug|x86.Build.0 = Debug|Win32
		{3BE97B97-DAEC-49CA-A17C-3A4E429F678C}.Release|x64.ActiveCfg = Release|x64
		{3BE97B97-DAEC-49CA-A17C-3A4E429F678C}.Release|x64.Build.0 = Release|x64
		{3BE97B97-DAEC-49CA-A17C-3A4E429F678C}.Release|x86.ActiveCfg = Release|Win32
		{3BE97B97-DAEC-49CA-A17C-3A4E429F678C}.Release|x86.Build.0 = Release|Win32
		{3870CACC-79DC-4BEA-8255-D57D57D799F8}.Debug|x64.ActiveCfg = Debug|x64
		{3870CACC-79DC-4BEA-8255-D57D57D799F8}.Debug|x64.Build.0 = Debug|x64
		{3870CACC-79DC-4BEA-8255-D57D57D799F8}.Debug|x86.ActiveCfg = Debug|Win32
		{3870CACC-79DC-4BEA-8255-D57D57D799F8}.Debug|x86.Build.0 = Debug|Win32
		{3870CACC-79DC-4BEA-8255-D57D57D799F8}.Release|x64.ActiveCfg = Release|x64
		{3870CACC-79DC-4BEA-8255-D57D57D799F8}.Release|x64.Build.0 = Release|x64
		{3870CACC-79DC-4BEA-8255-D57D57D799F8}.Release|x86.ActiveCfg = Release|Win32
		{3870CACC-79DC-4BEA-8255-D57D57D799F8}.Release|x86.Build.0 = Release|Win32
		{6737CCBE-D7DD-49D7-94EC-C38D772966F7}.Debug|x64.ActiveCfg = Debug|x64
		{6737CCBE-D7DD-49D7-94EC-C38D772966F7}.Debug|x64.Build.0 = Debug|x64
		{6737CCBE-D7DD-49D7-94EC-C38D772966F7}.Debug|x86.ActiveCfg = Debug|Win32
		{6737CCBE-D7DD-49D7-94EC-C38D772966F7}.Debug|x86.Build.0 = Debug|Win32
		{6737CCBE-D7DD-49D7-94EC-C38D772966F7}.Release|x64.ActiveCfg = Release|x64
		{6737CCBE-D7DD-49D7-94EC-C38D772966F7}.Release|x64.Build.0 = Release|x64
		{6737CCBE-D7DD-49D7-94EC-C38D772966F7}.Release|x86.ActiveCfg = Release|Win32
		{6737CCBE-D7DD-49D7-94EC-C38D772966F7}.Release|x86.Build.0 = Release|Win32
		{E6F19449-E573-4E13-83CB-0BAE3838443C}.Debug|x64.ActiveCfg = Debug|x64
		{E6F19449-E573-4E13-83CB-0BAE3838443C}.Debug|x64.Build.0 = Debug|x64
		{E6F19449-E573-4E13-83CB-0BAE3838443C}.Debug|x86.ActiveCfg = Debug|Win32
		{E6F19449-E573-4E13-83CB-0BAE3838443C}.Debug|x86.Build.0 = Debug|Win32
		{E6F19449-E573-4E13-83CB-0BAE3838443C}.Release|x64.ActiveCfg = Release|x64
		{E6F19449-E573-4E13-83CB-0BAE3838443C}.Release|x64.Build.0 = Release|x64
		{E6F19449-E573-4E13-83CB-0BAE3838443C}.Release|x86.ActiveCfg = Release|Win32
		{E6F19449-E573-4E13-83CB-0BAE3838443C}.Release|x86.Build.0 = Release|Win32
		{C9238566-9812-407C-9517-922135EAB8A0}.Debug|x64.ActiveCfg = Debug|x64
		{C9238566-9812-407C-9517-922135EAB8A0}.Debug|x64.Build.0 = Debug|x64
		{C9238566-9812-407C-9517-922135EAB8A0}.Debug|x86.ActiveCfg = Debug|Win32
		{C9238566-9812-407C-9517-922135EAB8A0}.Debug|x86.Build.0 = Debug|Win32
		{C9238566-9812-407C-9517-922135EAB8A0}.Release|x64.ActiveCfg = Release|x64
		{C9238566-9812-407C-9517-922135EAB8A0}.Release|x64.Build.0 = Release|x64
		{C9238566-9812-407C-9517-922135EAB8A0}.Release|x86.ActiveCfg = Release|Win32
		{C9238566-9812-407C-9517-922135EAB8A0}.Release|x86.Build.0 = Release|Win32
		{DFE84A65-718D-4FB0-9C39-2956991700F9}.Debug|x64.ActiveCfg = Debug|x64
		{DFE84A65-718D-4FB0-9C39-2956991700F9}.Debug|x64.Build.0 = Debug|x64
		{DFE84A65-718D-4FB0-9C39-2956991700F9}.Debug|x86.ActiveCfg = Debug|Win32
		{DFE84A65-718D-4FB0-9C39-2956991700F9}.Debug|x86.Build.0 = Debug|Win32
		{DFE84A65-718D-4FB0-9C39-2956991700F9}.Release|x64.ActiveCfg = Release|x64
		{DFE84A65-718D-4FB0-9C39-2956991700F9}.Release|x64.Build.0 = Release|x64
		{DFE84A65-718D-4FB0-9C39-2956991700F9}.Release|x86.ActiveCfg = Release|Win32
		{DFE84A65-718D-4FB0-9C39-2956991700F9}.Release|x86.Build.0 = Release|Win32
	EndGlobalSection
	GlobalSection(SolutionProperties) = preSolution
		HideSolutionNode = FALSE
	EndGlobalSection
	GlobalSection(ExtensibilityGlobals) = postSolution
		SolutionGuid = {FE258322-6E2C-48E2-82C9-558DF084D8F6}
	EndGlobalSection
EndGlobal
